{
  "name": "src",
  "lockfileVersion": 2,
  "requires": true,
  "packages": {
    "": {
      "devDependencies": {
        "@types/lodash": "^4.14.172"
      }
    },
    "node_modules/@types/lodash": {
      "version": "4.14.172",
      "resolved": "https://registry.nlark.com/@types/lodash/download/@types/lodash-4.14.172.tgz?cache=0&other_urls=https%3A%2F%2Fregistry.nlark.com%2F%40types%2Flodash%2Fdownload%2F%40types%2Flodash-4.14.172.tgz",
      "integrity": "sha1-qtd0wo57/Xpn3iVAjgPuWow9Aoo=",
      "dev": true
    }
  },
  "dependencies": {
    "@types/lodash": {
      "version": "4.14.172",
      "resolved": "https://registry.nlark.com/@types/lodash/download/@types/lodash-4.14.172.tgz?cache=0&other_urls=https%3A%2F%2Fregistry.nlark.com%2F%40types%2Flodash%2Fdownload%2F%40types%2Flodash-4.14.172.tgz",
      "integrity": "sha1-qtd0wo57/Xpn3iVAjgPuWow9Aoo=",
      "dev": true
    }
  }
}
